
Microsoft Visual Studio Solution File, Format Version 12.00
# Visual Studio Version 16
VisualStudioVersion = 16.0.31515.178
MinimumVisualStudioVersion = 10.0.40219.1
Project("{FAE04EC0-301F-11D3-BF4B-00C04F79EFBC}") = "CamaroneraNetFramework", "CamaroneraNetFramework.csproj", "{AC42C384-7A02-4EBB-A119-0EED142B276C}"
EndProject
Global
	GlobalSection(SolutionConfigurationPlatforms) = preSolution
		Debug|Any CPU = Debug|Any CPU
		Release|Any CPU = Release|Any CPU
	EndGlobalSection
	GlobalSection(ProjectConfigurationPlatforms) = postSolution
		{AC42C384-7A02-4EBB-A119-0EED142B276C}.Debug|Any CPU.ActiveCfg = Debug|Any CPU
		{AC42C384-7A02-4EBB-A119-0EED142B276C}.Debug|Any CPU.Build.0 = Debug|Any CPU
		{AC42C384-7A02-4EBB-A119-0EED142B276C}.Release|Any CPU.ActiveCfg = Release|Any CPU
		{AC42C384-7A02-4EBB-A119-0EED142B276C}.Release|Any CPU.Build.0 = Release|Any CPU
	EndGlobalSection
	GlobalSection(SolutionProperties) = preSolution
		HideSolutionNode = FALSE
	EndGlobalSection
	GlobalSection(ExtensibilityGlobals) = postSolution
		SolutionGuid = {D90F254B-46BB-4B59-A26F-DDDE1243DEF6}
	EndGlobalSection
EndGlobal
